
Microsoft Visual Studio Solution File, Format Version 12.00
# Visual Studio 14
VisualStudioVersion = 14.0.23107.0
MinimumVisualStudioVersion = 10.0.40219.1
Project("{262852C6-CD72-467D-83FE-5EEB1973A190}") = "LocalAndRoamData", "LocalAndRoamData\LocalAndRoamData.jsproj", "{FF4E730E-BFF6-4F69-ADCE-B23F7CA9A7AB}"
EndProject
Project("{262852C6-CD72-467D-83FE-5EEB1973A190}") = "MobileService", "MobileService\MobileService.jsproj", "{71072ACC-9169-4AA9-82BE-17E0ACBD28F4}"
EndProject
Project("{262852C6-CD72-467D-83FE-5EEB1973A190}") = "HostWebApp", "HostWebApp\HostWebApp.jsproj", "{975509B0-F207-4330-80EE-FD2200179158}"
EndProject
Project("{262852C6-CD72-467D-83FE-5EEB1973A190}") = "Web3D", "Web3D\Web3D.jsproj", "{A749198C-6C57-4DFE-94BD-E525F7889EA1}"
EndProject
Project("{262852C6-CD72-467D-83FE-5EEB1973A190}") = "JSBrowser", "JSBrowser-master\JSBrowser-master\JSBrowser\JSBrowser.jsproj", "{42FC11D8-64C6-4967-A15A-DFD787F68766}"
EndProject
Project("{8BC9CEB8-8B4A-11D0-8D11-00A0C91BC942}") = "NativeListener", "JSBrowser-master\JSBrowser-master\NativeListener\NativeListener.vcxproj", "{BE642CEB-8DC0-4E1E-9748-CC5E170F0956}"
EndProject
Project("{262852C6-CD72-467D-83FE-5EEB1973A190}") = "Camera", "Camera\Camera.jsproj", "{047F5B98-2B56-4778-8BE9-6732CBFEBE2D}"
EndProject
Project("{262852C6-CD72-467D-83FE-5EEB1973A190}") = "D3Sample", "D3Sample\D3Sample.jsproj", "{93E2B5F6-5689-4703-9844-09C03994B061}"
EndProject
Project("{262852C6-CD72-467D-83FE-5EEB1973A190}") = "IotLed", "App1\IotLed.jsproj", "{0C092F62-EA76-4768-A543-1DC9536D99AF}"
EndProject
Project("{262852C6-CD72-467D-83FE-5EEB1973A190}") = "DataBind", "App5\DataBind.jsproj", "{3948B2E9-26EB-4BAB-8195-9059D5838C81}"
EndProject
Project("{262852C6-CD72-467D-83FE-5EEB1973A190}") = "NamespaceDefine", "NamespaceDefine\NamespaceDefine.jsproj", "{CEF35CF2-A764-4029-8A25-625DA710F4A4}"
EndProject
Global
	GlobalSection(SolutionConfigurationPlatforms) = preSolution
		Debug|Any CPU = Debug|Any CPU
		Debug|ARM = Debug|ARM
		Debug|x64 = Debug|x64
		Debug|x86 = Debug|x86
		Release|Any CPU = Release|Any CPU
		Release|ARM = Release|ARM
		Release|x64 = Release|x64
		Release|x86 = Release|x86
	EndGlobalSection
	GlobalSection(ProjectConfigurationPlatforms) = postSolution
		{FF4E730E-BFF6-4F69-ADCE-B23F7CA9A7AB}.Debug|Any CPU.ActiveCfg = Debug|Any CPU
		{FF4E730E-BFF6-4F69-ADCE-B23F7CA9A7AB}.Debug|Any CPU.Build.0 = Debug|Any CPU
		{FF4E730E-BFF6-4F69-ADCE-B23F7CA9A7AB}.Debug|Any CPU.Deploy.0 = Debug|Any CPU
		{FF4E730E-BFF6-4F69-ADCE-B23F7CA9A7AB}.Debug|ARM.ActiveCfg = Debug|ARM
		{FF4E730E-BFF6-4F69-ADCE-B23F7CA9A7AB}.Debug|ARM.Build.0 = Debug|ARM
		{FF4E730E-BFF6-4F69-ADCE-B23F7CA9A7AB}.Debug|ARM.Deploy.0 = Debug|ARM
		{FF4E730E-BFF6-4F69-ADCE-B23F7CA9A7AB}.Debug|x64.ActiveCfg = Debug|x64
		{FF4E730E-BFF6-4F69-ADCE-B23F7CA9A7AB}.Debug|x64.Build.0 = Debug|x64
		{FF4E730E-BFF6-4F69-ADCE-B23F7CA9A7AB}.Debug|x64.Deploy.0 = Debug|x64
		{FF4E730E-BFF6-4F69-ADCE-B23F7CA9A7AB}.Debug|x86.ActiveCfg = Debug|x86
		{FF4E730E-BFF6-4F69-ADCE-B23F7CA9A7AB}.Debug|x86.Build.0 = Debug|x86
		{FF4E730E-BFF6-4F69-ADCE-B23F7CA9A7AB}.Debug|x86.Deploy.0 = Debug|x86
		{FF4E730E-BFF6-4F69-ADCE-B23F7CA9A7AB}.Release|Any CPU.ActiveCfg = Release|Any CPU
		{FF4E730E-BFF6-4F69-ADCE-B23F7CA9A7AB}.Release|Any CPU.Build.0 = Release|Any CPU
		{FF4E730E-BFF6-4F69-ADCE-B23F7CA9A7AB}.Release|Any CPU.Deploy.0 = Release|Any CPU
		{FF4E730E-BFF6-4F69-ADCE-B23F7CA9A7AB}.Release|ARM.ActiveCfg = Release|ARM
		{FF4E730E-BFF6-4F69-ADCE-B23F7CA9A7AB}.Release|ARM.Build.0 = Release|ARM
		{FF4E730E-BFF6-4F69-ADCE-B23F7CA9A7AB}.Release|ARM.Deploy.0 = Release|ARM
		{FF4E730E-BFF6-4F69-ADCE-B23F7CA9A7AB}.Release|x64.ActiveCfg = Release|x64
		{FF4E730E-BFF6-4F69-ADCE-B23F7CA9A7AB}.Release|x64.Build.0 = Release|x64
		{FF4E730E-BFF6-4F69-ADCE-B23F7CA9A7AB}.Release|x64.Deploy.0 = Release|x64
		{FF4E730E-BFF6-4F69-ADCE-B23F7CA9A7AB}.Release|x86.ActiveCfg = Release|x86
		{FF4E730E-BFF6-4F69-ADCE-B23F7CA9A7AB}.Release|x86.Build.0 = Release|x86
		{FF4E730E-BFF6-4F69-ADCE-B23F7CA9A7AB}.Release|x86.Deploy.0 = Release|x86
		{71072ACC-9169-4AA9-82BE-17E0ACBD28F4}.Debug|Any CPU.ActiveCfg = Debug|Any CPU
		{71072ACC-9169-4AA9-82BE-17E0ACBD28F4}.Debug|Any CPU.Build.0 = Debug|Any CPU
		{71072ACC-9169-4AA9-82BE-17E0ACBD28F4}.Debug|Any CPU.Deploy.0 = Debug|Any CPU
		{71072ACC-9169-4AA9-82BE-17E0ACBD28F4}.Debug|ARM.ActiveCfg = Debug|ARM
		{71072ACC-9169-4AA9-82BE-17E0ACBD28F4}.Debug|ARM.Build.0 = Debug|ARM
		{71072ACC-9169-4AA9-82BE-17E0ACBD28F4}.Debug|ARM.Deploy.0 = Debug|ARM
		{71072ACC-9169-4AA9-82BE-17E0ACBD28F4}.Debug|x64.ActiveCfg = Debug|x64
		{71072ACC-9169-4AA9-82BE-17E0ACBD28F4}.Debug|x64.Build.0 = Debug|x64
		{71072ACC-9169-4AA9-82BE-17E0ACBD28F4}.Debug|x64.Deploy.0 = Debug|x64
		{71072ACC-9169-4AA9-82BE-17E0ACBD28F4}.Debug|x86.ActiveCfg = Debug|x86
		{71072ACC-9169-4AA9-82BE-17E0ACBD28F4}.Debug|x86.Build.0 = Debug|x86
		{71072ACC-9169-4AA9-82BE-17E0ACBD28F4}.Debug|x86.Deploy.0 = Debug|x86
		{71072ACC-9169-4AA9-82BE-17E0ACBD28F4}.Release|Any CPU.ActiveCfg = Release|Any CPU
		{71072ACC-9169-4AA9-82BE-17E0ACBD28F4}.Release|Any CPU.Build.0 = Release|Any CPU
		{71072ACC-9169-4AA9-82BE-17E0ACBD28F4}.Release|Any CPU.Deploy.0 = Release|Any CPU
		{71072ACC-9169-4AA9-82BE-17E0ACBD28F4}.Release|ARM.ActiveCfg = Release|ARM
		{71072ACC-9169-4AA9-82BE-17E0ACBD28F4}.Release|ARM.Build.0 = Release|ARM
		{71072ACC-9169-4AA9-82BE-17E0ACBD28F4}.Release|ARM.Deploy.0 = Release|ARM
		{71072ACC-9169-4AA9-82BE-17E0ACBD28F4}.Release|x64.ActiveCfg = Release|x64
		{71072ACC-9169-4AA9-82BE-17E0ACBD28F4}.Release|x64.Build.0 = Release|x64
		{71072ACC-9169-4AA9-82BE-17E0ACBD28F4}.Release|x64.Deploy.0 = Release|x64
		{71072ACC-9169-4AA9-82BE-17E0ACBD28F4}.Release|x86.ActiveCfg = Release|x86
		{71072ACC-9169-4AA9-82BE-17E0ACBD28F4}.Release|x86.Build.0 = Release|x86
		{71072ACC-9169-4AA9-82BE-17E0ACBD28F4}.Release|x86.Deploy.0 = Release|x86
		{975509B0-F207-4330-80EE-FD2200179158}.Debug|Any CPU.ActiveCfg = Debug|Any CPU
		{975509B0-F207-4330-80EE-FD2200179158}.Debug|Any CPU.Build.0 = Debug|Any CPU
		{975509B0-F207-4330-80EE-FD2200179158}.Debug|Any CPU.Deploy.0 = Debug|Any CPU
		{975509B0-F207-4330-80EE-FD2200179158}.Debug|ARM.ActiveCfg = Debug|ARM
		{975509B0-F207-4330-80EE-FD2200179158}.Debug|ARM.Build.0 = Debug|ARM
		{975509B0-F207-4330-80EE-FD2200179158}.Debug|ARM.Deploy.0 = Debug|ARM
		{975509B0-F207-4330-80EE-FD2200179158}.Debug|x64.ActiveCfg = Debug|x64
		{975509B0-F207-4330-80EE-FD2200179158}.Debug|x64.Build.0 = Debug|x64
		{975509B0-F207-4330-80EE-FD2200179158}.Debug|x64.Deploy.0 = Debug|x64
		{975509B0-F207-4330-80EE-FD2200179158}.Debug|x86.ActiveCfg = Debug|x86
		{975509B0-F207-4330-80EE-FD2200179158}.Debug|x86.Build.0 = Debug|x86
		{975509B0-F207-4330-80EE-FD2200179158}.Debug|x86.Deploy.0 = Debug|x86
		{975509B0-F207-4330-80EE-FD2200179158}.Release|Any CPU.ActiveCfg = Release|Any CPU
		{975509B0-F207-4330-80EE-FD2200179158}.Release|Any CPU.Build.0 = Release|Any CPU
		{975509B0-F207-4330-80EE-FD2200179158}.Release|Any CPU.Deploy.0 = Release|Any CPU
		{975509B0-F207-4330-80EE-FD2200179158}.Release|ARM.ActiveCfg = Release|ARM
		{975509B0-F207-4330-80EE-FD2200179158}.Release|ARM.Build.0 = Release|ARM
		{975509B0-F207-4330-80EE-FD2200179158}.Release|ARM.Deploy.0 = Release|ARM
		{975509B0-F207-4330-80EE-FD2200179158}.Release|x64.ActiveCfg = Release|x64
		{975509B0-F207-4330-80EE-FD2200179158}.Release|x64.Build.0 = Release|x64
		{975509B0-F207-4330-80EE-FD2200179158}.Release|x64.Deploy.0 = Release|x64
		{975509B0-F207-4330-80EE-FD2200179158}.Release|x86.ActiveCfg = Release|x86
		{975509B0-F207-4330-80EE-FD2200179158}.Release|x86.Build.0 = Release|x86
		{975509B0-F207-4330-80EE-FD2200179158}.Release|x86.Deploy.0 = Release|x86
		{A749198C-6C57-4DFE-94BD-E525F7889EA1}.Debug|Any CPU.ActiveCfg = Debug|Any CPU
		{A749198C-6C57-4DFE-94BD-E525F7889EA1}.Debug|Any CPU.Build.0 = Debug|Any CPU
		{A749198C-6C57-4DFE-94BD-E525F7889EA1}.Debug|Any CPU.Deploy.0 = Debug|Any CPU
		{A749198C-6C57-4DFE-94BD-E525F7889EA1}.Debug|ARM.ActiveCfg = Debug|ARM
		{A749198C-6C57-4DFE-94BD-E525F7889EA1}.Debug|ARM.Build.0 = Debug|ARM
		{A749198C-6C57-4DFE-94BD-E525F7889EA1}.Debug|ARM.Deploy.0 = Debug|ARM
		{A749198C-6C57-4DFE-94BD-E525F7889EA1}.Debug|x64.ActiveCfg = Debug|x64
		{A749198C-6C57-4DFE-94BD-E525F7889EA1}.Debug|x64.Build.0 = Debug|x64
		{A749198C-6C57-4DFE-94BD-E525F7889EA1}.Debug|x64.Deploy.0 = Debug|x64
		{A749198C-6C57-4DFE-94BD-E525F7889EA1}.Debug|x86.ActiveCfg = Debug|x86
		{A749198C-6C57-4DFE-94BD-E525F7889EA1}.Debug|x86.Build.0 = Debug|x86
		{A749198C-6C57-4DFE-94BD-E525F7889EA1}.Debug|x86.Deploy.0 = Debug|x86
		{A749198C-6C57-4DFE-94BD-E525F7889EA1}.Release|Any CPU.ActiveCfg = Release|Any CPU
		{A749198C-6C57-4DFE-94BD-E525F7889EA1}.Release|Any CPU.Build.0 = Release|Any CPU
		{A749198C-6C57-4DFE-94BD-E525F7889EA1}.Release|Any CPU.Deploy.0 = Release|Any CPU
		{A749198C-6C57-4DFE-94BD-E525F7889EA1}.Release|ARM.ActiveCfg = Release|ARM
		{A749198C-6C57-4DFE-94BD-E525F7889EA1}.Release|ARM.Build.0 = Release|ARM
		{A749198C-6C57-4DFE-94BD-E525F7889EA1}.Release|ARM.Deploy.0 = Release|ARM
		{A749198C-6C57-4DFE-94BD-E525F7889EA1}.Release|x64.ActiveCfg = Release|x64
		{A749198C-6C57-4DFE-94BD-E525F7889EA1}.Release|x64.Build.0 = Release|x64
		{A749198C-6C57-4DFE-94BD-E525F7889EA1}.Release|x64.Deploy.0 = Release|x64
		{A749198C-6C57-4DFE-94BD-E525F7889EA1}.Release|x86.ActiveCfg = Release|x86
		{A749198C-6C57-4DFE-94BD-E525F7889EA1}.Release|x86.Build.0 = Release|x86
		{A749198C-6C57-4DFE-94BD-E525F7889EA1}.Release|x86.Deploy.0 = Release|x86
		{42FC11D8-64C6-4967-A15A-DFD787F68766}.Debug|Any CPU.ActiveCfg = Debug|Any CPU
		{42FC11D8-64C6-4967-A15A-DFD787F68766}.Debug|Any CPU.Build.0 = Debug|Any CPU
		{42FC11D8-64C6-4967-A15A-DFD787F68766}.Debug|Any CPU.Deploy.0 = Debug|Any CPU
		{42FC11D8-64C6-4967-A15A-DFD787F68766}.Debug|ARM.ActiveCfg = Debug|ARM
		{42FC11D8-64C6-4967-A15A-DFD787F68766}.Debug|ARM.Build.0 = Debug|ARM
		{42FC11D8-64C6-4967-A15A-DFD787F68766}.Debug|ARM.Deploy.0 = Debug|ARM
		{42FC11D8-64C6-4967-A15A-DFD787F68766}.Debug|x64.ActiveCfg = Debug|x64
		{42FC11D8-64C6-4967-A15A-DFD787F68766}.Debug|x64.Build.0 = Debug|x64
		{42FC11D8-64C6-4967-A15A-DFD787F68766}.Debug|x64.Deploy.0 = Debug|x64
		{42FC11D8-64C6-4967-A15A-DFD787F68766}.Debug|x86.ActiveCfg = Debug|x86
		{42FC11D8-64C6-4967-A15A-DFD787F68766}.Debug|x86.Build.0 = Debug|x86
		{42FC11D8-64C6-4967-A15A-DFD787F68766}.Debug|x86.Deploy.0 = Debug|x86
		{42FC11D8-64C6-4967-A15A-DFD787F68766}.Release|Any CPU.ActiveCfg = Release|Any CPU
		{42FC11D8-64C6-4967-A15A-DFD787F68766}.Release|Any CPU.Build.0 = Release|Any CPU
		{42FC11D8-64C6-4967-A15A-DFD787F68766}.Release|Any CPU.Deploy.0 = Release|Any CPU
		{42FC11D8-64C6-4967-A15A-DFD787F68766}.Release|ARM.ActiveCfg = Release|ARM
		{42FC11D8-64C6-4967-A15A-DFD787F68766}.Release|ARM.Build.0 = Release|ARM
		{42FC11D8-64C6-4967-A15A-DFD787F68766}.Release|ARM.Deploy.0 = Release|ARM
		{42FC11D8-64C6-4967-A15A-DFD787F68766}.Release|x64.ActiveCfg = Release|x64
		{42FC11D8-64C6-4967-A15A-DFD787F68766}.Release|x64.Build.0 = Release|x64
		{42FC11D8-64C6-4967-A15A-DFD787F68766}.Release|x64.Deploy.0 = Release|x64
		{42FC11D8-64C6-4967-A15A-DFD787F68766}.Release|x86.ActiveCfg = Release|x86
		{42FC11D8-64C6-4967-A15A-DFD787F68766}.Release|x86.Build.0 = Release|x86
		{42FC11D8-64C6-4967-A15A-DFD787F68766}.Release|x86.Deploy.0 = Release|x86
		{BE642CEB-8DC0-4E1E-9748-CC5E170F0956}.Debug|Any CPU.ActiveCfg = Debug|Win32
		{BE642CEB-8DC0-4E1E-9748-CC5E170F0956}.Debug|ARM.ActiveCfg = Debug|ARM
		{BE642CEB-8DC0-4E1E-9748-CC5E170F0956}.Debug|ARM.Build.0 = Debug|ARM
		{BE642CEB-8DC0-4E1E-9748-CC5E170F0956}.Debug|x64.ActiveCfg = Debug|x64
		{BE642CEB-8DC0-4E1E-9748-CC5E170F0956}.Debug|x64.Build.0 = Debug|x64
		{BE642CEB-8DC0-4E1E-9748-CC5E170F0956}.Debug|x86.ActiveCfg = Debug|Win32
		{BE642CEB-8DC0-4E1E-9748-CC5E170F0956}.Debug|x86.Build.0 = Debug|Win32
		{BE642CEB-8DC0-4E1E-9748-CC5E170F0956}.Release|Any CPU.ActiveCfg = Release|Win32
		{BE642CEB-8DC0-4E1E-9748-CC5E170F0956}.Release|ARM.ActiveCfg = Release|ARM
		{BE642CEB-8DC0-4E1E-9748-CC5E170F0956}.Release|ARM.Build.0 = Release|ARM
		{BE642CEB-8DC0-4E1E-9748-CC5E170F0956}.Release|x64.ActiveCfg = Release|x64
		{BE642CEB-8DC0-4E1E-9748-CC5E170F0956}.Release|x64.Build.0 = Release|x64
		{BE642CEB-8DC0-4E1E-9748-CC5E170F0956}.Release|x86.ActiveCfg = Release|Win32
		{BE642CEB-8DC0-4E1E-9748-CC5E170F0956}.Release|x86.Build.0 = Release|Win32
		{047F5B98-2B56-4778-8BE9-6732CBFEBE2D}.Debug|Any CPU.ActiveCfg = Debug|Any CPU
		{047F5B98-2B56-4778-8BE9-6732CBFEBE2D}.Debug|Any CPU.Build.0 = Debug|Any CPU
		{047F5B98-2B56-4778-8BE9-6732CBFEBE2D}.Debug|Any CPU.Deploy.0 = Debug|Any CPU
		{047F5B98-2B56-4778-8BE9-6732CBFEBE2D}.Debug|ARM.ActiveCfg = Debug|ARM
		{047F5B98-2B56-4778-8BE9-6732CBFEBE2D}.Debug|ARM.Build.0 = Debug|ARM
		{047F5B98-2B56-4778-8BE9-6732CBFEBE2D}.Debug|ARM.Deploy.0 = Debug|ARM
		{047F5B98-2B56-4778-8BE9-6732CBFEBE2D}.Debug|x64.ActiveCfg = Debug|x64
		{047F5B98-2B56-4778-8BE9-6732CBFEBE2D}.Debug|x64.Build.0 = Debug|x64
		{047F5B98-2B56-4778-8BE9-6732CBFEBE2D}.Debug|x64.Deploy.0 = Debug|x64
		{047F5B98-2B56-4778-8BE9-6732CBFEBE2D}.Debug|x86.ActiveCfg = Debug|x86
		{047F5B98-2B56-4778-8BE9-6732CBFEBE2D}.Debug|x86.Build.0 = Debug|x86
		{047F5B98-2B56-4778-8BE9-6732CBFEBE2D}.Debug|x86.Deploy.0 = Debug|x86
		{047F5B98-2B56-4778-8BE9-6732CBFEBE2D}.Release|Any CPU.ActiveCfg = Release|Any CPU
		{047F5B98-2B56-4778-8BE9-6732CBFEBE2D}.Release|Any CPU.Build.0 = Release|Any CPU
		{047F5B98-2B56-4778-8BE9-6732CBFEBE2D}.Release|Any CPU.Deploy.0 = Release|Any CPU
		{047F5B98-2B56-4778-8BE9-6732CBFEBE2D}.Release|ARM.ActiveCfg = Release|ARM
		{047F5B98-2B56-4778-8BE9-6732CBFEBE2D}.Release|ARM.Build.0 = Release|ARM
		{047F5B98-2B56-4778-8BE9-6732CBFEBE2D}.Release|ARM.Deploy.0 = Release|ARM
		{047F5B98-2B56-4778-8BE9-6732CBFEBE2D}.Release|x64.ActiveCfg = Release|x64
		{047F5B98-2B56-4778-8BE9-6732CBFEBE2D}.Release|x64.Build.0 = Release|x64
		{047F5B98-2B56-4778-8BE9-6732CBFEBE2D}.Release|x64.Deploy.0 = Release|x64
		{047F5B98-2B56-4778-8BE9-6732CBFEBE2D}.Release|x86.ActiveCfg = Release|x86
		{047F5B98-2B56-4778-8BE9-6732CBFEBE2D}.Release|x86.Build.0 = Release|x86
		{047F5B98-2B56-4778-8BE9-6732CBFEBE2D}.Release|x86.Deploy.0 = Release|x86
		{93E2B5F6-5689-4703-9844-09C03994B061}.Debug|Any CPU.ActiveCfg = Debug|Any CPU
		{93E2B5F6-5689-4703-9844-09C03994B061}.Debug|Any CPU.Build.0 = Debug|Any CPU
		{93E2B5F6-5689-4703-9844-09C03994B061}.Debug|Any CPU.Deploy.0 = Debug|Any CPU
		{93E2B5F6-5689-4703-9844-09C03994B061}.Debug|ARM.ActiveCfg = Debug|ARM
		{93E2B5F6-5689-4703-9844-09C03994B061}.Debug|ARM.Build.0 = Debug|ARM
		{93E2B5F6-5689-4703-9844-09C03994B061}.Debug|ARM.Deploy.0 = Debug|ARM
		{93E2B5F6-5689-4703-9844-09C03994B061}.Debug|x64.ActiveCfg = Debug|x64
		{93E2B5F6-5689-4703-9844-09C03994B061}.Debug|x64.Build.0 = Debug|x64
		{93E2B5F6-5689-4703-9844-09C03994B061}.Debug|x64.Deploy.0 = Debug|x64
		{93E2B5F6-5689-4703-9844-09C03994B061}.Debug|x86.ActiveCfg = Debug|x86
		{93E2B5F6-5689-4703-9844-09C03994B061}.Debug|x86.Build.0 = Debug|x86
		{93E2B5F6-5689-4703-9844-09C03994B061}.Debug|x86.Deploy.0 = Debug|x86
		{93E2B5F6-5689-4703-9844-09C03994B061}.Release|Any CPU.ActiveCfg = Release|Any CPU
		{93E2B5F6-5689-4703-9844-09C03994B061}.Release|Any CPU.Build.0 = Release|Any CPU
		{93E2B5F6-5689-4703-9844-09C03994B061}.Release|Any CPU.Deploy.0 = Release|Any CPU
		{93E2B5F6-5689-4703-9844-09C03994B061}.Release|ARM.ActiveCfg = Release|ARM
		{93E2B5F6-5689-4703-9844-09C03994B061}.Release|ARM.Build.0 = Release|ARM
		{93E2B5F6-5689-4703-9844-09C03994B061}.Release|ARM.Deploy.0 = Release|ARM
		{93E2B5F6-5689-4703-9844-09C03994B061}.Release|x64.ActiveCfg = Release|x64
		{93E2B5F6-5689-4703-9844-09C03994B061}.Release|x64.Build.0 = Release|x64
		{93E2B5F6-5689-4703-9844-09C03994B061}.Release|x64.Deploy.0 = Release|x64
		{93E2B5F6-5689-4703-9844-09C03994B061}.Release|x86.ActiveCfg = Release|x86
		{93E2B5F6-5689-4703-9844-09C03994B061}.Release|x86.Build.0 = Release|x86
		{93E2B5F6-5689-4703-9844-09C03994B061}.Release|x86.Deploy.0 = Release|x86
		{0C092F62-EA76-4768-A543-1DC9536D99AF}.Debug|Any CPU.ActiveCfg = Debug|Any CPU
		{0C092F62-EA76-4768-A543-1DC9536D99AF}.Debug|Any CPU.Build.0 = Debug|Any CPU
		{0C092F62-EA76-4768-A543-1DC9536D99AF}.Debug|Any CPU.Deploy.0 = Debug|Any CPU
		{0C092F62-EA76-4768-A543-1DC9536D99AF}.Debug|ARM.ActiveCfg = Debug|ARM
		{0C092F62-EA76-4768-A543-1DC9536D99AF}.Debug|ARM.Build.0 = Debug|ARM
		{0C092F62-EA76-4768-A543-1DC9536D99AF}.Debug|ARM.Deploy.0 = Debug|ARM
		{0C092F62-EA76-4768-A543-1DC9536D99AF}.Debug|x64.ActiveCfg = Debug|x64
		{0C092F62-EA76-4768-A543-1DC9536D99AF}.Debug|x64.Build.0 = Debug|x64
		{0C092F62-EA76-4768-A543-1DC9536D99AF}.Debug|x64.Deploy.0 = Debug|x64
		{0C092F62-EA76-4768-A543-1DC9536D99AF}.Debug|x86.ActiveCfg = Debug|x86
		{0C092F62-EA76-4768-A543-1DC9536D99AF}.Debug|x86.Build.0 = Debug|x86
		{0C092F62-EA76-4768-A543-1DC9536D99AF}.Debug|x86.Deploy.0 = Debug|x86
		{0C092F62-EA76-4768-A543-1DC9536D99AF}.Release|Any CPU.ActiveCfg = Release|Any CPU
		{0C092F62-EA76-4768-A543-1DC9536D99AF}.Release|Any CPU.Build.0 = Release|Any CPU
		{0C092F62-EA76-4768-A543-1DC9536D99AF}.Release|Any CPU.Deploy.0 = Release|Any CPU
		{0C092F62-EA76-4768-A543-1DC9536D99AF}.Release|ARM.ActiveCfg = Release|ARM
		{0C092F62-EA76-4768-A543-1DC9536D99AF}.Release|ARM.Build.0 = Release|ARM
		{0C092F62-EA76-4768-A543-1DC9536D99AF}.Release|ARM.Deploy.0 = Release|ARM
		{0C092F62-EA76-4768-A543-1DC9536D99AF}.Release|x64.ActiveCfg = Release|x64
		{0C092F62-EA76-4768-A543-1DC9536D99AF}.Release|x64.Build.0 = Release|x64
		{0C092F62-EA76-4768-A543-1DC9536D99AF}.Release|x64.Deploy.0 = Release|x64
		{0C092F62-EA76-4768-A543-1DC9536D99AF}.Release|x86.ActiveCfg = Release|x86
		{0C092F62-EA76-4768-A543-1DC9536D99AF}.Release|x86.Build.0 = Release|x86
		{0C092F62-EA76-4768-A543-1DC9536D99AF}.Release|x86.Deploy.0 = Release|x86
		{3948B2E9-26EB-4BAB-8195-9059D5838C81}.Debug|Any CPU.ActiveCfg = Debug|Any CPU
		{3948B2E9-26EB-4BAB-8195-9059D5838C81}.Debug|Any CPU.Build.0 = Debug|Any CPU
		{3948B2E9-26EB-4BAB-8195-9059D5838C81}.Debug|Any CPU.Deploy.0 = Debug|Any CPU
		{3948B2E9-26EB-4BAB-8195-9059D5838C81}.Debug|ARM.ActiveCfg = Debug|ARM
		{3948B2E9-26EB-4BAB-8195-9059D5838C81}.Debug|ARM.Build.0 = Debug|ARM
		{3948B2E9-26EB-4BAB-8195-9059D5838C81}.Debug|ARM.Deploy.0 = Debug|ARM
		{3948B2E9-26EB-4BAB-8195-9059D5838C81}.Debug|x64.ActiveCfg = Debug|x64
		{3948B2E9-26EB-4BAB-8195-9059D5838C81}.Debug|x64.Build.0 = Debug|x64
		{3948B2E9-26EB-4BAB-8195-9059D5838C81}.Debug|x64.Deploy.0 = Debug|x64
		{3948B2E9-26EB-4BAB-8195-9059D5838C81}.Debug|x86.ActiveCfg = Debug|x86
		{3948B2E9-26EB-4BAB-8195-9059D5838C81}.Debug|x86.Build.0 = Debug|x86
		{3948B2E9-26EB-4BAB-8195-9059D5838C81}.Debug|x86.Deploy.0 = Debug|x86
		{3948B2E9-26EB-4BAB-8195-9059D5838C81}.Release|Any CPU.ActiveCfg = Release|Any CPU
		{3948B2E9-26EB-4BAB-8195-9059D5838C81}.Release|Any CPU.Build.0 = Release|Any CPU
		{3948B2E9-26EB-4BAB-8195-9059D5838C81}.Release|Any CPU.Deploy.0 = Release|Any CPU
		{3948B2E9-26EB-4BAB-8195-9059D5838C81}.Release|ARM.ActiveCfg = Release|ARM
		{3948B2E9-26EB-4BAB-8195-9059D5838C81}.Release|ARM.Build.0 = Release|ARM
		{3948B2E9-26EB-4BAB-8195-9059D5838C81}.Release|ARM.Deploy.0 = Release|ARM
		{3948B2E9-26EB-4BAB-8195-9059D5838C81}.Release|x64.ActiveCfg = Release|x64
		{3948B2E9-26EB-4BAB-8195-9059D5838C81}.Release|x64.Build.0 = Release|x64
		{3948B2E9-26EB-4BAB-8195-9059D5838C81}.Release|x64.Deploy.0 = Release|x64
		{3948B2E9-26EB-4BAB-8195-9059D5838C81}.Release|x86.ActiveCfg = Release|x86
		{3948B2E9-26EB-4BAB-8195-9059D5838C81}.Release|x86.Build.0 = Release|x86
		{3948B2E9-26EB-4BAB-8195-9059D5838C81}.Release|x86.Deploy.0 = Release|x86
		{CEF35CF2-A764-4029-8A25-625DA710F4A4}.Debug|Any CPU.ActiveCfg = Debug|Any CPU
		{CEF35CF2-A764-4029-8A25-625DA710F4A4}.Debug|Any CPU.Build.0 = Debug|Any CPU
		{CEF35CF2-A764-4029-8A25-625DA710F4A4}.Debug|Any CPU.Deploy.0 = Debug|Any CPU
		{CEF35CF2-A764-4029-8A25-625DA710F4A4}.Debug|ARM.ActiveCfg = Debug|ARM
		{CEF35CF2-A764-4029-8A25-625DA710F4A4}.Debug|ARM.Build.0 = Debug|ARM
		{CEF35CF2-A764-4029-8A25-625DA710F4A4}.Debug|ARM.Deploy.0 = Debug|ARM
		{CEF35CF2-A764-4029-8A25-625DA710F4A4}.Debug|x64.ActiveCfg = Debug|x64
		{CEF35CF2-A764-4029-8A25-625DA710F4A4}.Debug|x64.Build.0 = Debug|x64
		{CEF35CF2-A764-4029-8A25-625DA710F4A4}.Debug|x64.Deploy.0 = Debug|x64
		{CEF35CF2-A764-4029-8A25-625DA710F4A4}.Debug|x86.ActiveCfg = Debug|x86
		{CEF35CF2-A764-4029-8A25-625DA710F4A4}.Debug|x86.Build.0 = Debug|x86
		{CEF35CF2-A764-4029-8A25-625DA710F4A4}.Debug|x86.Deploy.0 = Debug|x86
		{CEF35CF2-A764-4029-8A25-625DA710F4A4}.Release|Any CPU.ActiveCfg = Release|Any CPU
		{CEF35CF2-A764-4029-8A25-625DA710F4A4}.Release|Any CPU.Build.0 = Release|Any CPU
		{CEF35CF2-A764-4029-8A25-625DA710F4A4}.Release|Any CPU.Deploy.0 = Release|Any CPU
		{CEF35CF2-A764-4029-8A25-625DA710F4A4}.Release|ARM.ActiveCfg = Release|ARM
		{CEF35CF2-A764-4029-8A25-625DA710F4A4}.Release|ARM.Build.0 = Release|ARM
		{CEF35CF2-A764-4029-8A25-625DA710F4A4}.Release|ARM.Deploy.0 = Release|ARM
		{CEF35CF2-A764-4029-8A25-625DA710F4A4}.Release|x64.ActiveCfg = Release|x64
		{CEF35CF2-A764-4029-8A25-625DA710F4A4}.Release|x64.Build.0 = Release|x64
		{CEF35CF2-A764-4029-8A25-625DA710F4A4}.Release|x64.Deploy.0 = Release|x64
		{CEF35CF2-A764-4029-8A25-625DA710F4A4}.Release|x86.ActiveCfg = Release|x86
		{CEF35CF2-A764-4029-8A25-625DA710F4A4}.Release|x86.Build.0 = Release|x86
		{CEF35CF2-A764-4029-8A25-625DA710F4A4}.Release|x86.Deploy.0 = Release|x86
	EndGlobalSection
	GlobalSection(SolutionProperties) = preSolution
		HideSolutionNode = FALSE
	EndGlobalSection
EndGlobal
